
Microsoft Visual Studio Solution File, Format Version 12.00
# Visual Studio Version 17
VisualStudioVersion = 17.10.35122.118
MinimumVisualStudioVersion = 10.0.40219.1
Project("{FAE04EC0-301F-11D3-BF4B-00C04F79EFBC}") = "Dictionary", "Dictionary\Dictionary.csproj", "{DDFB7CE4-F151-49D8-9DBF-4D1888DD47E1}"
EndProject
Global
	GlobalSection(SolutionConfigurationPlatforms) = preSolution
		Debug|Any CPU = Debug|Any CPU
		Release|Any CPU = Release|Any CPU
	EndGlobalSection
	GlobalSection(ProjectConfigurationPlatforms) = postSolution
		{DDFB7CE4-F151-49D8-9DBF-4D1888DD47E1}.Debug|Any CPU.ActiveCfg = Debug|Any CPU
		{DDFB7CE4-F151-49D8-9DBF-4D1888DD47E1}.Debug|Any CPU.Build.0 = Debug|Any CPU
		{DDFB7CE4-F151-49D8-9DBF-4D1888DD47E1}.Release|Any CPU.ActiveCfg = Release|Any CPU
		{DDFB7CE4-F151-49D8-9DBF-4D1888DD47E1}.Release|Any CPU.Build.0 = Release|Any CPU
	EndGlobalSection
	GlobalSection(SolutionProperties) = preSolution
		HideSolutionNode = FALSE
	EndGlobalSection
	GlobalSection(ExtensibilityGlobals) = postSolution
		SolutionGuid = {369420F1-DD35-47C7-BF22-A636A58CF994}
	EndGlobalSection
EndGlobal
