
Microsoft Visual Studio Solution File, Format Version 12.00
# Visual Studio Version 17
VisualStudioVersion = 17.10.35122.118
MinimumVisualStudioVersion = 10.0.40219.1
Project("{FAE04EC0-301F-11D3-BF4B-00C04F79EFBC}") = "MindSweeper", "MindSweeper\MindSweeper.csproj", "{EA77F498-20B2-48E1-9CCE-FDEA6F589993}"
EndProject
Global
	GlobalSection(SolutionConfigurationPlatforms) = preSolution
		Debug|Any CPU = Debug|Any CPU
		Release|Any CPU = Release|Any CPU
	EndGlobalSection
	GlobalSection(ProjectConfigurationPlatforms) = postSolution
		{EA77F498-20B2-48E1-9CCE-FDEA6F589993}.Debug|Any CPU.ActiveCfg = Debug|Any CPU
		{EA77F498-20B2-48E1-9CCE-FDEA6F589993}.Debug|Any CPU.Build.0 = Debug|Any CPU
		{EA77F498-20B2-48E1-9CCE-FDEA6F589993}.Release|Any CPU.ActiveCfg = Release|Any CPU
		{EA77F498-20B2-48E1-9CCE-FDEA6F589993}.Release|Any CPU.Build.0 = Release|Any CPU
	EndGlobalSection
	GlobalSection(SolutionProperties) = preSolution
		HideSolutionNode = FALSE
	EndGlobalSection
	GlobalSection(ExtensibilityGlobals) = postSolution
		SolutionGuid = {0F658F34-7BD2-4041-B943-A824AC4B217F}
	EndGlobalSection
EndGlobal
